
Microsoft Visual Studio Solution File, Format Version 12.00
# Visual Studio 14
VisualStudioVersion = 14.0.25420.1
MinimumVisualStudioVersion = 10.0.40219.1
Project("{8BC9CEB8-8B4A-11D0-8D11-00A0C91BC942}") = "ddraw", "ddraw.vcxproj", "{FB9023DA-CA5E-4704-B601-407810963EF0}"
EndProject
Project("{2150E333-8FDC-42A3-9474-1A3956D46DE8}") = "Project files", "Project files", "{EA440259-1669-4720-AAC4-5A5F0D1F33AC}"
EndProject
Project("{2150E333-8FDC-42A3-9474-1A3956D46DE8}") = "Scripting Headers", "Scripting Headers", "{5F3DA4F2-CE90-4B50-AF46-2FEFF3650DEA}"
	ProjectSection(SolutionItems) = preProject
		..\artifacts\scripting\headers\command_lite.h = ..\artifacts\scripting\headers\command_lite.h
		..\artifacts\scripting\headers\define_extra.h = ..\artifacts\scripting\headers\define_extra.h
		..\artifacts\scripting\headers\define_lite.h = ..\artifacts\scripting\headers\define_lite.h
		..\artifacts\scripting\headers\dik.h = ..\artifacts\scripting\headers\dik.h
		..\artifacts\scripting\headers\lib.arrays.h = ..\artifacts\scripting\headers\lib.arrays.h
		..\artifacts\scripting\headers\lib.inven.h = ..\artifacts\scripting\headers\lib.inven.h
		..\artifacts\scripting\headers\lib.math.h = ..\artifacts\scripting\headers\lib.math.h
		..\artifacts\scripting\headers\lib.misc.h = ..\artifacts\scripting\headers\lib.misc.h
		..\artifacts\scripting\headers\lib.strings.h = ..\artifacts\scripting\headers\lib.strings.h
		..\artifacts\scripting\headers\sfall.h = ..\artifacts\scripting\headers\sfall.h
	EndProjectSection
EndProject
Project("{2150E333-8FDC-42A3-9474-1A3956D46DE8}") = "Scripting Docs", "Scripting Docs", "{7FDEF226-35ED-4A7C-996B-8EA6E6AACD17}"
	ProjectSection(SolutionItems) = preProject
		..\artifacts\scripting\arrays.md = ..\artifacts\scripting\arrays.md
		..\artifacts\scripting\HookScripts.md = ..\artifacts\scripting\HookScripts.md
	EndProjectSection
EndProject
Project("{2150E333-8FDC-42A3-9474-1A3956D46DE8}") = "Configs", "Configs", "{3A5B984E-9EB4-4A6E-808A-87B62A4A87AE}"
	ProjectSection(SolutionItems) = preProject
		..\artifacts\config_files\books.ini = ..\artifacts\config_files\books.ini
		..\artifacts\config_files\CriticalOverrides.ini = ..\artifacts\config_files\CriticalOverrides.ini
		..\artifacts\ddraw.ini = ..\artifacts\ddraw.ini
		..\artifacts\config_files\Drugs.ini = ..\artifacts\config_files\Drugs.ini
		..\artifacts\config_files\elevators.ini = ..\artifacts\config_files\elevators.ini
		..\artifacts\config_files\Perks.ini = ..\artifacts\config_files\Perks.ini
		..\artifacts\config_files\sfall-mods.ini = ..\artifacts\config_files\sfall-mods.ini
		..\artifacts\config_files\Skills.ini = ..\artifacts\config_files\Skills.ini
		..\artifacts\config_files\Stats.ini = ..\artifacts\config_files\Stats.ini
		..\artifacts\config_files\Translations.ini = ..\artifacts\config_files\Translations.ini
	EndProjectSection
EndProject
Project("{FAE04EC0-301F-11D3-BF4B-00C04F79EFBC}") = "SfallDebugEditor", "..\DebugEditor\SfallDebugEditor.csproj", "{80ED0DCE-100E-4EC9-A79D-2FBFA4CAD1E3}"
EndProject
Project("{2150E333-8FDC-42A3-9474-1A3956D46DE8}") = "RU", "RU", "{11A83234-CA6C-4D75-9432-1020EC52975E}"
	ProjectSection(SolutionItems) = preProject
		..\artifacts\ddraw_ru.ini = ..\artifacts\ddraw_ru.ini
		..\artifacts\translations\russian.ini = ..\artifacts\translations\russian.ini
		..\artifacts\config_files\sfall-mods_ru.ini = ..\artifacts\config_files\sfall-mods_ru.ini
	EndProjectSection
EndProject
Project("{2150E333-8FDC-42A3-9474-1A3956D46DE8}") = "RU", "RU", "{F194EF63-A395-411A-83F4-B701B8D3C289}"
	ProjectSection(SolutionItems) = preProject
		..\artifacts\scripting\RU\sfall function notes [RU].txt = ..\artifacts\scripting\RU\sfall function notes [RU].txt
	EndProjectSection
EndProject
Global
	GlobalSection(SolutionConfigurationPlatforms) = preSolution
		Debug|Any CPU = Debug|Any CPU
		Debug|Win32 = Debug|Win32
		DevXP|Any CPU = DevXP|Any CPU
		DevXP|Win32 = DevXP|Win32
		Release (DebugEditor)|Any CPU = Release (DebugEditor)|Any CPU
		Release (DebugEditor)|Win32 = Release (DebugEditor)|Win32
		ReleaseXP (NoSSE)|Any CPU = ReleaseXP (NoSSE)|Any CPU
		ReleaseXP (NoSSE)|Win32 = ReleaseXP (NoSSE)|Win32
		ReleaseXP|Any CPU = ReleaseXP|Any CPU
		ReleaseXP|Win32 = ReleaseXP|Win32
	EndGlobalSection
	GlobalSection(ProjectConfigurationPlatforms) = postSolution
		{FB9023DA-CA5E-4704-B601-407810963EF0}.Debug|Any CPU.ActiveCfg = Debug|Win32
		{FB9023DA-CA5E-4704-B601-407810963EF0}.Debug|Win32.ActiveCfg = Debug|Win32
		{FB9023DA-CA5E-4704-B601-407810963EF0}.Debug|Win32.Build.0 = Debug|Win32
		{FB9023DA-CA5E-4704-B601-407810963EF0}.DevXP|Any CPU.ActiveCfg = DevXP|Win32
		{FB9023DA-CA5E-4704-B601-407810963EF0}.DevXP|Any CPU.Build.0 = DevXP|Win32
		{FB9023DA-CA5E-4704-B601-407810963EF0}.DevXP|Win32.ActiveCfg = DevXP|Win32
		{FB9023DA-CA5E-4704-B601-407810963EF0}.DevXP|Win32.Build.0 = DevXP|Win32
		{FB9023DA-CA5E-4704-B601-407810963EF0}.Release (DebugEditor)|Any CPU.ActiveCfg = Release|Win32
		{FB9023DA-CA5E-4704-B601-407810963EF0}.Release (DebugEditor)|Win32.ActiveCfg = Release|Win32
		{FB9023DA-CA5E-4704-B601-407810963EF0}.ReleaseXP (NoSSE)|Any CPU.ActiveCfg = ReleaseXP (NoSSE)|Win32
		{FB9023DA-CA5E-4704-B601-407810963EF0}.ReleaseXP (NoSSE)|Win32.ActiveCfg = ReleaseXP (NoSSE)|Win32
		{FB9023DA-CA5E-4704-B601-407810963EF0}.ReleaseXP (NoSSE)|Win32.Build.0 = ReleaseXP (NoSSE)|Win32
		{FB9023DA-CA5E-4704-B601-407810963EF0}.ReleaseXP|Any CPU.ActiveCfg = ReleaseXP|Win32
		{FB9023DA-CA5E-4704-B601-407810963EF0}.ReleaseXP|Any CPU.Build.0 = ReleaseXP|Win32
		{FB9023DA-CA5E-4704-B601-407810963EF0}.ReleaseXP|Win32.ActiveCfg = ReleaseXP|Win32
		{FB9023DA-CA5E-4704-B601-407810963EF0}.ReleaseXP|Win32.Build.0 = ReleaseXP|Win32
		{80ED0DCE-100E-4EC9-A79D-2FBFA4CAD1E3}.Debug|Any CPU.ActiveCfg = Debug|Any CPU
		{80ED0DCE-100E-4EC9-A79D-2FBFA4CAD1E3}.Debug|Win32.ActiveCfg = Debug|Any CPU
		{80ED0DCE-100E-4EC9-A79D-2FBFA4CAD1E3}.DevXP|Any CPU.ActiveCfg = Debug|Any CPU
		{80ED0DCE-100E-4EC9-A79D-2FBFA4CAD1E3}.DevXP|Win32.ActiveCfg = Debug|Any CPU
		{80ED0DCE-100E-4EC9-A79D-2FBFA4CAD1E3}.Release (DebugEditor)|Any CPU.ActiveCfg = Release|Any CPU
		{80ED0DCE-100E-4EC9-A79D-2FBFA4CAD1E3}.Release (DebugEditor)|Any CPU.Build.0 = Release|Any CPU
		{80ED0DCE-100E-4EC9-A79D-2FBFA4CAD1E3}.Release (DebugEditor)|Win32.ActiveCfg = Release|Any CPU
		{80ED0DCE-100E-4EC9-A79D-2FBFA4CAD1E3}.Release (DebugEditor)|Win32.Build.0 = Release|Any CPU
		{80ED0DCE-100E-4EC9-A79D-2FBFA4CAD1E3}.ReleaseXP (NoSSE)|Any CPU.ActiveCfg = Release|Any CPU
		{80ED0DCE-100E-4EC9-A79D-2FBFA4CAD1E3}.ReleaseXP (NoSSE)|Win32.ActiveCfg = Release|Any CPU
		{80ED0DCE-100E-4EC9-A79D-2FBFA4CAD1E3}.ReleaseXP|Any CPU.ActiveCfg = Release|Any CPU
		{80ED0DCE-100E-4EC9-A79D-2FBFA4CAD1E3}.ReleaseXP|Win32.ActiveCfg = Release|Any CPU
	EndGlobalSection
	GlobalSection(SolutionProperties) = preSolution
		HideSolutionNode = FALSE
	EndGlobalSection
	GlobalSection(NestedProjects) = preSolution
		{5F3DA4F2-CE90-4B50-AF46-2FEFF3650DEA} = {EA440259-1669-4720-AAC4-5A5F0D1F33AC}
		{7FDEF226-35ED-4A7C-996B-8EA6E6AACD17} = {EA440259-1669-4720-AAC4-5A5F0D1F33AC}
		{3A5B984E-9EB4-4A6E-808A-87B62A4A87AE} = {EA440259-1669-4720-AAC4-5A5F0D1F33AC}
		{11A83234-CA6C-4D75-9432-1020EC52975E} = {3A5B984E-9EB4-4A6E-808A-87B62A4A87AE}
		{F194EF63-A395-411A-83F4-B701B8D3C289} = {7FDEF226-35ED-4A7C-996B-8EA6E6AACD17}
	EndGlobalSection
EndGlobal
